
Microsoft Visual Studio Solution File, Format Version 12.00
# Visual Studio Version 16
VisualStudioVersion = 16.0.30114.105
MinimumVisualStudioVersion = 10.0.40219.1
Project("{9A19103F-16F7-4668-BE54-9A1E7A4F7556}") = "Demo", "Demo\Demo.csproj", "{94CF8532-3670-4058-9E51-6CCCF3C53298}"
EndProject
Project("{9A19103F-16F7-4668-BE54-9A1E7A4F7556}") = "DemoTests", "DemoTests\DemoTests.csproj", "{CDF70700-0FAF-481D-8AFA-A35D6901709A}"
EndProject
Project("{2150E333-8FDC-42A3-9474-1A3956D46DE8}") = "Solution Items", "Solution Items", "{9D2198F9-98DC-459E-8BF5-8BBD1F3CCCAB}"
	ProjectSection(SolutionItems) = preProject
		TextFile1.txt = TextFile1.txt
	EndProjectSection
EndProject
Global
	GlobalSection(SolutionConfigurationPlatforms) = preSolution
		Debug|Any CPU = Debug|Any CPU
		Release|Any CPU = Release|Any CPU
	EndGlobalSection
	GlobalSection(ProjectConfigurationPlatforms) = postSolution
		{94CF8532-3670-4058-9E51-6CCCF3C53298}.Debug|Any CPU.ActiveCfg = Debug|Any CPU
		{94CF8532-3670-4058-9E51-6CCCF3C53298}.Debug|Any CPU.Build.0 = Debug|Any CPU
		{94CF8532-3670-4058-9E51-6CCCF3C53298}.Release|Any CPU.ActiveCfg = Release|Any CPU
		{94CF8532-3670-4058-9E51-6CCCF3C53298}.Release|Any CPU.Build.0 = Release|Any CPU
		{CDF70700-0FAF-481D-8AFA-A35D6901709A}.Debug|Any CPU.ActiveCfg = Debug|Any CPU
		{CDF70700-0FAF-481D-8AFA-A35D6901709A}.Debug|Any CPU.Build.0 = Debug|Any CPU
		{CDF70700-0FAF-481D-8AFA-A35D6901709A}.Release|Any CPU.ActiveCfg = Release|Any CPU
		{CDF70700-0FAF-481D-8AFA-A35D6901709A}.Release|Any CPU.Build.0 = Release|Any CPU
	EndGlobalSection
	GlobalSection(SolutionProperties) = preSolution
		HideSolutionNode = FALSE
	EndGlobalSection
	GlobalSection(ExtensibilityGlobals) = postSolution
		SolutionGuid = {FCAFB7D1-002B-4B03-BEFA-36C478BD8CE6}
	EndGlobalSection
EndGlobal
